<?xml version="1.0" encoding="utf-8"?>
<Project ToolsVersion="4.0" xmlns="http://schemas.microsoft.com/developer/msbuild/2003">
  <ItemGroup>
    <Filter Include="Source Files">
      <UniqueIdentifier>{4FC737F1-C7A5-4376-A066-2A32D752A2FF}</UniqueIdentifier>
      <Extensions>cpp;c;cc;cxx;c++;cppm;ixx;def;odl;idl;hpj;bat;asm;asmx</Extensions>
    </Filter>
    <Filter Include="Header Files">
      <UniqueIdentifier>{93995380-89BD-4b04-88EB-625FBE52EBFB}</UniqueIdentifier>
      <Extensions>h;hh;hpp;hxx;h++;hm;inl;inc;ipp;xsd</Extensions>
    </Filter>
    <Filter Include="Resource Files">
      <UniqueIdentifier>{67DA6AB6-F800-4c08-8B7A-83BB121AAD01}</UniqueIdentifier>
      <Extensions>rc;ico;cur;bmp;dlg;rc2;rct;bin;rgs;gif;jpg;jpeg;jpe;resx;tiff;tif;png;wav;mfcribbon-ms</Extensions>
    </Filter>
    <Filter Include="Header Files\headers">
      <UniqueIdentifier>{cf7c4529-db1a-4eb5-8efd-bf0dce25182e}</UniqueIdentifier>
    </Filter>
    <Filter Include="Source Files\sources">
      <UniqueIdentifier>{0d829101-c298-4867-8441-f2516033a85e}</UniqueIdentifier>
    </Filter>
    <Filter Include="Header Files\App">
      <UniqueIdentifier>{38ef2230-6ebe-46a5-99c9-7db8c7d942eb}</UniqueIdentifier>
    </Filter>
    <Filter Include="Source Files\App">
      <UniqueIdentifier>{2c5c335e-f459-4b8e-bcc4-22be9aef2b69}</UniqueIdentifier>
    </Filter>
  </ItemGroup>
  <ItemGroup>
    <ClCompile Include="OOP_Robotic_Project.cpp">
      <Filter>Source Files</Filter>
    </ClCompile>
    <ClCompile Include="Encryption.cpp">
      <Filter>Source Files\sources</Filter>
    </ClCompile>
    <ClCompile Include="IRSensor.cpp">
      <Filter>Source Files\sources</Filter>
    </ClCompile>
    <ClCompile Include="LidarSensor.cpp">
      <Filter>Source Files\sources</Filter>
    </ClCompile>
    <ClCompile Include="MAP.cpp">
      <Filter>Source Files\sources</Filter>
    </ClCompile>
    <ClCompile Include="Mapper.cpp">
      <Filter>Source Files\sources</Filter>
    </ClCompile>
    <ClCompile Include="Point.cpp">
      <Filter>Source Files\sources</Filter>
    </ClCompile>
    <ClCompile Include="Pose.cpp">
      <Filter>Source Files\sources</Filter>
    </ClCompile>
    <ClCompile Include="Record.cpp">
      <Filter>Source Files\sources</Filter>
    </ClCompile>
    <ClCompile Include="RobotControler.cpp">
      <Filter>Source Files\sources</Filter>
    </ClCompile>
    <ClCompile Include="RobotOperator.cpp">
      <Filter>Source Files\sources</Filter>
    </ClCompile>
    <ClCompile Include="SafeNavigation.cpp">
      <Filter>Source Files\sources</Filter>
    </ClCompile>
    <ClCompile Include="Authentication.cpp">
      <Filter>Source Files\App</Filter>
    </ClCompile>
    <ClCompile Include="FestoRobotInterface.cpp">
      <Filter>Source Files\App</Filter>
    </ClCompile>
    <ClCompile Include="ConnectionMenu.cpp">
      <Filter>Source Files\App</Filter>
    </ClCompile>
    <ClCompile Include="MotionMenu.cpp">
      <Filter>Source Files\App</Filter>
    </ClCompile>
    <ClCompile Include="App.cpp">
      <Filter>Source Files\App</Filter>
    </ClCompile>
    <ClCompile Include="SensorMenu.cpp">
      <Filter>Source Files\App</Filter>
    </ClCompile>
    <ClCompile Include="Robot.cpp">
      <Filter>Source Files\App</Filter>
    </ClCompile>
    <ClCompile Include="RobotInterface.cpp">
      <Filter>Source Files\App</Filter>
    </ClCompile>
    <ClCompile Include="MapMenu.cpp">
      <Filter>Source Files\App</Filter>
    </ClCompile>
  </ItemGroup>
  <ItemGroup>
    <ClInclude Include="Encryption.h">
      <Filter>Header Files\headers</Filter>
    </ClInclude>
    <ClInclude Include="IRSensor.h">
      <Filter>Header Files\headers</Filter>
    </ClInclude>
    <ClInclude Include="LidarSensor.h">
      <Filter>Header Files\headers</Filter>
    </ClInclude>
    <ClInclude Include="MAP.h">
      <Filter>Header Files\headers</Filter>
    </ClInclude>
    <ClInclude Include="Mapper.h">
      <Filter>Header Files\headers</Filter>
    </ClInclude>
    <ClInclude Include="Point.h">
      <Filter>Header Files\headers</Filter>
    </ClInclude>
    <ClInclude Include="Pose.h">
      <Filter>Header Files\headers</Filter>
    </ClInclude>
    <ClInclude Include="Record.h">
      <Filter>Header Files\headers</Filter>
    </ClInclude>
    <ClInclude Include="RobotControler.h">
      <Filter>Header Files\headers</Filter>
    </ClInclude>
    <ClInclude Include="RobotOperator.h">
      <Filter>Header Files\headers</Filter>
    </ClInclude>
    <ClInclude Include="SafeNavigation.h">
      <Filter>Header Files\headers</Filter>
    </ClInclude>
    <ClInclude Include="Authentication.h">
      <Filter>Header Files\App</Filter>
    </ClInclude>
    <ClInclude Include="FestoRobotInterface.h">
      <Filter>Header Files\App</Filter>
    </ClInclude>
    <ClInclude Include="App.h">
      <Filter>Header Files\App</Filter>
    </ClInclude>
    <ClInclude Include="ConnectionMenu.h">
      <Filter>Header Files\App</Filter>
    </ClInclude>
    <ClInclude Include="Menus.h">
      <Filter>Header Files\App</Filter>
    </ClInclude>
    <ClInclude Include="MotionMenu.h">
      <Filter>Header Files\App</Filter>
    </ClInclude>
    <ClInclude Include="SensorInterface.h">
      <Filter>Header Files\App</Filter>
    </ClInclude>
    <ClInclude Include="SensorMenu.h">
      <Filter>Header Files\App</Filter>
    </ClInclude>
    <ClInclude Include="FestoRobotSensorInterface.h">
      <Filter>Header Files\App</Filter>
    </ClInclude>
    <ClInclude Include="RobotInterface.h">
      <Filter>Header Files\App</Filter>
    </ClInclude>
    <ClInclude Include="Robot.h">
      <Filter>Header Files\App</Filter>
    </ClInclude>
    <ClInclude Include="MapMenu.h">
      <Filter>Header Files\App</Filter>
    </ClInclude>
  </ItemGroup>
</Project>